
Microsoft Visual Studio Solution File, Format Version 12.00
# Visual Studio Version 16
VisualStudioVersion = 16.0.29519.181
MinimumVisualStudioVersion = 10.0.40219.1
Project("{9A19103F-16F7-4668-BE54-9A1E7A4F7556}") = "Store.API", "Store\Store.API.csproj", "{D7E9268B-640A-4DEA-BD9D-296852806402}"
EndProject
Project("{9A19103F-16F7-4668-BE54-9A1E7A4F7556}") = "Store.DB", "Store.DB\Store.DB.csproj", "{2ABA6CEA-8E5D-4C80-A3DF-D1F2EA988DFB}"
EndProject
Project("{9A19103F-16F7-4668-BE54-9A1E7A4F7556}") = "StoreRepository", "StoreRepository\StoreRepository.csproj", "{A1228D3D-FC56-4E70-A1C0-94FE31097BF9}"
EndProject
Project("{9A19103F-16F7-4668-BE54-9A1E7A4F7556}") = "Store.Core", "Core\Store.Core.csproj", "{9AA224B9-B881-4B9D-B750-301689D69678}"
EndProject
Global
	GlobalSection(SolutionConfigurationPlatforms) = preSolution
		Debug|Any CPU = Debug|Any CPU
		Release|Any CPU = Release|Any CPU
	EndGlobalSection
	GlobalSection(ProjectConfigurationPlatforms) = postSolution
		{D7E9268B-640A-4DEA-BD9D-296852806402}.Debug|Any CPU.ActiveCfg = Debug|Any CPU
		{D7E9268B-640A-4DEA-BD9D-296852806402}.Debug|Any CPU.Build.0 = Debug|Any CPU
		{D7E9268B-640A-4DEA-BD9D-296852806402}.Release|Any CPU.ActiveCfg = Release|Any CPU
		{D7E9268B-640A-4DEA-BD9D-296852806402}.Release|Any CPU.Build.0 = Release|Any CPU
		{2ABA6CEA-8E5D-4C80-A3DF-D1F2EA988DFB}.Debug|Any CPU.ActiveCfg = Debug|Any CPU
		{2ABA6CEA-8E5D-4C80-A3DF-D1F2EA988DFB}.Debug|Any CPU.Build.0 = Debug|Any CPU
		{2ABA6CEA-8E5D-4C80-A3DF-D1F2EA988DFB}.Release|Any CPU.ActiveCfg = Release|Any CPU
		{2ABA6CEA-8E5D-4C80-A3DF-D1F2EA988DFB}.Release|Any CPU.Build.0 = Release|Any CPU
		{A1228D3D-FC56-4E70-A1C0-94FE31097BF9}.Debug|Any CPU.ActiveCfg = Debug|Any CPU
		{A1228D3D-FC56-4E70-A1C0-94FE31097BF9}.Debug|Any CPU.Build.0 = Debug|Any CPU
		{A1228D3D-FC56-4E70-A1C0-94FE31097BF9}.Release|Any CPU.ActiveCfg = Release|Any CPU
		{A1228D3D-FC56-4E70-A1C0-94FE31097BF9}.Release|Any CPU.Build.0 = Release|Any CPU
		{9AA224B9-B881-4B9D-B750-301689D69678}.Debug|Any CPU.ActiveCfg = Debug|Any CPU
		{9AA224B9-B881-4B9D-B750-301689D69678}.Debug|Any CPU.Build.0 = Debug|Any CPU
		{9AA224B9-B881-4B9D-B750-301689D69678}.Release|Any CPU.ActiveCfg = Release|Any CPU
		{9AA224B9-B881-4B9D-B750-301689D69678}.Release|Any CPU.Build.0 = Release|Any CPU
	EndGlobalSection
	GlobalSection(SolutionProperties) = preSolution
		HideSolutionNode = FALSE
	EndGlobalSection
	GlobalSection(ExtensibilityGlobals) = postSolution
		SolutionGuid = {247D32FF-AA1B-4828-BCEF-E511622E7E7E}
	EndGlobalSection
EndGlobal
